
Microsoft Visual Studio Solution File, Format Version 12.00
# Visual Studio 15
VisualStudioVersion = 15.0.27703.2026
MinimumVisualStudioVersion = 10.0.40219.1
Project("{FAE04EC0-301F-11D3-BF4B-00C04F79EFBC}") = "PracticaAreas", "PracticaAreas\PracticaAreas.csproj", "{AA55A931-26A4-4ED3-A906-158796B88576}"
EndProject
Global
	GlobalSection(SolutionConfigurationPlatforms) = preSolution
		Debug|Any CPU = Debug|Any CPU
		Release|Any CPU = Release|Any CPU
	EndGlobalSection
	GlobalSection(ProjectConfigurationPlatforms) = postSolution
		{AA55A931-26A4-4ED3-A906-158796B88576}.Debug|Any CPU.ActiveCfg = Debug|Any CPU
		{AA55A931-26A4-4ED3-A906-158796B88576}.Debug|Any CPU.Build.0 = Debug|Any CPU
		{AA55A931-26A4-4ED3-A906-158796B88576}.Release|Any CPU.ActiveCfg = Release|Any CPU
		{AA55A931-26A4-4ED3-A906-158796B88576}.Release|Any CPU.Build.0 = Release|Any CPU
	EndGlobalSection
	GlobalSection(SolutionProperties) = preSolution
		HideSolutionNode = FALSE
	EndGlobalSection
	GlobalSection(ExtensibilityGlobals) = postSolution
		SolutionGuid = {A0945764-3CA4-4FC5-9B3E-F047CCC4F663}
	EndGlobalSection
EndGlobal
